
Microsoft Visual Studio Solution File, Format Version 12.00
# Visual Studio Version 17
VisualStudioVersion = 17.9.34616.47
MinimumVisualStudioVersion = 10.0.40219.1
Project("{FAE04EC0-301F-11D3-BF4B-00C04F79EFBC}") = "FileExplorer", "FileExplorer.csproj", "{233EB715-DE8F-40EE-BFDF-799CF5FEE6F5}"
EndProject
Global
	GlobalSection(SolutionConfigurationPlatforms) = preSolution
		Debug|Any CPU = Debug|Any CPU
		Release|Any CPU = Release|Any CPU
	EndGlobalSection
	GlobalSection(ProjectConfigurationPlatforms) = postSolution
		{233EB715-DE8F-40EE-BFDF-799CF5FEE6F5}.Debug|Any CPU.ActiveCfg = Debug|Any CPU
		{233EB715-DE8F-40EE-BFDF-799CF5FEE6F5}.Debug|Any CPU.Build.0 = Debug|Any CPU
		{233EB715-DE8F-40EE-BFDF-799CF5FEE6F5}.Release|Any CPU.ActiveCfg = Release|Any CPU
		{233EB715-DE8F-40EE-BFDF-799CF5FEE6F5}.Release|Any CPU.Build.0 = Release|Any CPU
	EndGlobalSection
	GlobalSection(SolutionProperties) = preSolution
		HideSolutionNode = FALSE
	EndGlobalSection
	GlobalSection(ExtensibilityGlobals) = postSolution
		SolutionGuid = {EE709DA6-7B9E-4A3A-ABAB-B6EA6B234AC9}
	EndGlobalSection
EndGlobal
