
Microsoft Visual Studio Solution File, Format Version 12.00
# Visual Studio Version 17
VisualStudioVersion = 17.9.34616.47
MinimumVisualStudioVersion = 10.0.40219.1
Project("{9A19103F-16F7-4668-BE54-9A1E7A4F7556}") = "HelloWorld", "..\Beginner\HelloWorld\HelloWorld.csproj", "{033514AD-CA70-4D45-B6E2-8E4223AE04C2}"
EndProject
Project("{9A19103F-16F7-4668-BE54-9A1E7A4F7556}") = "Calculator", "..\Beginner\Calculator\Calculator.csproj", "{11C495FE-ABC7-4021-931D-ABCCAE88CAFA}"
EndProject
Project("{9A19103F-16F7-4668-BE54-9A1E7A4F7556}") = "NumberGuesser", "..\Beginner\NumberGuesser\NumberGuesser.csproj", "{CA0E8FC4-2A60-43DE-8D64-E306342F3913}"
EndProject
Project("{9A19103F-16F7-4668-BE54-9A1E7A4F7556}") = "FileExplorer", "..\Beginner\FileExplorer\FileExplorer.csproj", "{9EE6E227-EC57-4AA4-97B7-315386E29659}"
EndProject
Project("{9A19103F-16F7-4668-BE54-9A1E7A4F7556}") = "LibraryManagementSystem", "..\Intermediate\LibraryManagementSystem\LibraryManagementSystem.csproj", "{4AF55203-BBC7-4956-8F23-0D07B6BB7F77}"
EndProject
Project("{FAE04EC0-301F-11D3-BF4B-00C04F79EFBC}") = "StudentGradingSystem", "..\Intermediate\StudentGradingSystem\StudentGradingSystem.csproj", "{F400D7FD-F324-4EF4-BD64-1EE414AD7ED5}"
EndProject
Global
	GlobalSection(SolutionConfigurationPlatforms) = preSolution
		Debug|Any CPU = Debug|Any CPU
		Release|Any CPU = Release|Any CPU
	EndGlobalSection
	GlobalSection(ProjectConfigurationPlatforms) = postSolution
		{033514AD-CA70-4D45-B6E2-8E4223AE04C2}.Debug|Any CPU.ActiveCfg = Debug|Any CPU
		{033514AD-CA70-4D45-B6E2-8E4223AE04C2}.Debug|Any CPU.Build.0 = Debug|Any CPU
		{033514AD-CA70-4D45-B6E2-8E4223AE04C2}.Release|Any CPU.ActiveCfg = Release|Any CPU
		{033514AD-CA70-4D45-B6E2-8E4223AE04C2}.Release|Any CPU.Build.0 = Release|Any CPU
		{11C495FE-ABC7-4021-931D-ABCCAE88CAFA}.Debug|Any CPU.ActiveCfg = Debug|Any CPU
		{11C495FE-ABC7-4021-931D-ABCCAE88CAFA}.Debug|Any CPU.Build.0 = Debug|Any CPU
		{11C495FE-ABC7-4021-931D-ABCCAE88CAFA}.Release|Any CPU.ActiveCfg = Release|Any CPU
		{11C495FE-ABC7-4021-931D-ABCCAE88CAFA}.Release|Any CPU.Build.0 = Release|Any CPU
		{CA0E8FC4-2A60-43DE-8D64-E306342F3913}.Debug|Any CPU.ActiveCfg = Debug|Any CPU
		{CA0E8FC4-2A60-43DE-8D64-E306342F3913}.Debug|Any CPU.Build.0 = Debug|Any CPU
		{CA0E8FC4-2A60-43DE-8D64-E306342F3913}.Release|Any CPU.ActiveCfg = Release|Any CPU
		{CA0E8FC4-2A60-43DE-8D64-E306342F3913}.Release|Any CPU.Build.0 = Release|Any CPU
		{9EE6E227-EC57-4AA4-97B7-315386E29659}.Debug|Any CPU.ActiveCfg = Debug|Any CPU
		{9EE6E227-EC57-4AA4-97B7-315386E29659}.Debug|Any CPU.Build.0 = Debug|Any CPU
		{9EE6E227-EC57-4AA4-97B7-315386E29659}.Release|Any CPU.ActiveCfg = Release|Any CPU
		{9EE6E227-EC57-4AA4-97B7-315386E29659}.Release|Any CPU.Build.0 = Release|Any CPU
		{4AF55203-BBC7-4956-8F23-0D07B6BB7F77}.Debug|Any CPU.ActiveCfg = Debug|Any CPU
		{4AF55203-BBC7-4956-8F23-0D07B6BB7F77}.Debug|Any CPU.Build.0 = Debug|Any CPU
		{4AF55203-BBC7-4956-8F23-0D07B6BB7F77}.Release|Any CPU.ActiveCfg = Release|Any CPU
		{4AF55203-BBC7-4956-8F23-0D07B6BB7F77}.Release|Any CPU.Build.0 = Release|Any CPU
		{F400D7FD-F324-4EF4-BD64-1EE414AD7ED5}.Debug|Any CPU.ActiveCfg = Debug|Any CPU
		{F400D7FD-F324-4EF4-BD64-1EE414AD7ED5}.Debug|Any CPU.Build.0 = Debug|Any CPU
		{F400D7FD-F324-4EF4-BD64-1EE414AD7ED5}.Release|Any CPU.ActiveCfg = Release|Any CPU
		{F400D7FD-F324-4EF4-BD64-1EE414AD7ED5}.Release|Any CPU.Build.0 = Release|Any CPU
	EndGlobalSection
	GlobalSection(SolutionProperties) = preSolution
		HideSolutionNode = FALSE
	EndGlobalSection
	GlobalSection(ExtensibilityGlobals) = postSolution
		SolutionGuid = {5A686586-60D3-46E5-972A-39263281FB69}
	EndGlobalSection
EndGlobal
